// !$*UTF8*$!
{
	archiveVersion = 1;
	classes = {
	};
	objectVersion = 56;
	objects = {

/* Begin PBXBuildFile section */
		0730D3762AA02AA3007BCCD9 /* Buttontest.swift in Sources */ = {isa = PBXBuildFile; fileRef = 0730D3752AA02AA3007BCCD9 /* Buttontest.swift */; };
		0765ECA32A9804100071A9FF /* Alertview.swift in Sources */ = {isa = PBXBuildFile; fileRef = 0765ECA22A9804100071A9FF /* Alertview.swift */; };
		0765ECA52A9806D40071A9FF /* PictureView.swift in Sources */ = {isa = PBXBuildFile; fileRef = 0765ECA42A9806D40071A9FF /* PictureView.swift */; };
		0773DDA22A9E268D001BB439 /* NavTabBar.swift in Sources */ = {isa = PBXBuildFile; fileRef = 0773DDA12A9E268D001BB439 /* NavTabBar.swift */; };
		079D143F2AE2114D00E86FA6 /* MSG.swift in Sources */ = {isa = PBXBuildFile; fileRef = 079D143E2AE2114D00E86FA6 /* MSG.swift */; };
		079ECBD52A96B39C00E4A5E8 /* DanisDemoApp.swift in Sources */ = {isa = PBXBuildFile; fileRef = 079ECBD42A96B39C00E4A5E8 /* DanisDemoApp.swift */; };
		079ECBD72A96B39C00E4A5E8 /* ContentView.swift in Sources */ = {isa = PBXBuildFile; fileRef = 079ECBD62A96B39C00E4A5E8 /* ContentView.swift */; };
		079ECBD92A96B39D00E4A5E8 /* Assets.xcassets in Resources */ = {isa = PBXBuildFile; fileRef = 079ECBD82A96B39D00E4A5E8 /* Assets.xcassets */; };
		079ECBDC2A96B39D00E4A5E8 /* Preview Assets.xcassets in Resources */ = {isa = PBXBuildFile; fileRef = 079ECBDB2A96B39D00E4A5E8 /* Preview Assets.xcassets */; };
		079ECBE32A96B3CC00E4A5E8 /* DaniBio.swift in Sources */ = {isa = PBXBuildFile; fileRef = 079ECBE22A96B3CC00E4A5E8 /* DaniBio.swift */; };
		079ECBE52A96B82900E4A5E8 /* Login.swift in Sources */ = {isa = PBXBuildFile; fileRef = 079ECBE42A96B82900E4A5E8 /* Login.swift */; };
		079ECBE72A96D2E300E4A5E8 /* RatingView.swift in Sources */ = {isa = PBXBuildFile; fileRef = 079ECBE62A96D2E300E4A5E8 /* RatingView.swift */; };
		079ECBE92A96DA5E00E4A5E8 /* RatingFuntional.swift in Sources */ = {isa = PBXBuildFile; fileRef = 079ECBE82A96DA5E00E4A5E8 /* RatingFuntional.swift */; };
		079ECBEB2A96E44200E4A5E8 /* Tradingcard.swift in Sources */ = {isa = PBXBuildFile; fileRef = 079ECBEA2A96E44200E4A5E8 /* Tradingcard.swift */; };
		079ECBED2A96E4F600E4A5E8 /* PickerView.swift in Sources */ = {isa = PBXBuildFile; fileRef = 079ECBEC2A96E4F600E4A5E8 /* PickerView.swift */; };
/* End PBXBuildFile section */

/* Begin PBXFileReference section */
		0730D3752AA02AA3007BCCD9 /* Buttontest.swift */ = {isa = PBXFileReference; lastKnownFileType = sourcecode.swift; path = Buttontest.swift; sourceTree = "<group>"; };
		0765ECA22A9804100071A9FF /* Alertview.swift */ = {isa = PBXFileReference; lastKnownFileType = sourcecode.swift; path = Alertview.swift; sourceTree = "<group>"; };
		0765ECA42A9806D40071A9FF /* PictureView.swift */ = {isa = PBXFileReference; lastKnownFileType = sourcecode.swift; path = PictureView.swift; sourceTree = "<group>"; };
		0773DDA12A9E268D001BB439 /* NavTabBar.swift */ = {isa = PBXFileReference; lastKnownFileType = sourcecode.swift; path = NavTabBar.swift; sourceTree = "<group>"; };
		079D143E2AE2114D00E86FA6 /* MSG.swift */ = {isa = PBXFileReference; lastKnownFileType = sourcecode.swift; path = MSG.swift; sourceTree = "<group>"; };
		079ECBD12A96B39C00E4A5E8 /* DanisDemo.app */ = {isa = PBXFileReference; explicitFileType = wrapper.application; includeInIndex = 0; path = DanisDemo.app; sourceTree = BUILT_PRODUCTS_DIR; };
		079ECBD42A96B39C00E4A5E8 /* DanisDemoApp.swift */ = {isa = PBXFileReference; lastKnownFileType = sourcecode.swift; path = DanisDemoApp.swift; sourceTree = "<group>"; };
		079ECBD62A96B39C00E4A5E8 /* ContentView.swift */ = {isa = PBXFileReference; lastKnownFileType = sourcecode.swift; path = ContentView.swift; sourceTree = "<group>"; };
		079ECBD82A96B39D00E4A5E8 /* Assets.xcassets */ = {isa = PBXFileReference; lastKnownFileType = folder.assetcatalog; path = Assets.xcassets; sourceTree = "<group>"; };
		079ECBDB2A96B39D00E4A5E8 /* Preview Assets.xcassets */ = {isa = PBXFileReference; lastKnownFileType = folder.assetcatalog; path = "Preview Assets.xcassets"; sourceTree = "<group>"; };
		079ECBE22A96B3CC00E4A5E8 /* DaniBio.swift */ = {isa = PBXFileReference; lastKnownFileType = sourcecode.swift; path = DaniBio.swift; sourceTree = "<group>"; };
		079ECBE42A96B82900E4A5E8 /* Login.swift */ = {isa = PBXFileReference; lastKnownFileType = sourcecode.swift; path = Login.swift; sourceTree = "<group>"; };
		079ECBE62A96D2E300E4A5E8 /* RatingView.swift */ = {isa = PBXFileReference; lastKnownFileType = sourcecode.swift; path = RatingView.swift; sourceTree = "<group>"; };
		079ECBE82A96DA5E00E4A5E8 /* RatingFuntional.swift */ = {isa = PBXFileReference; lastKnownFileType = sourcecode.swift; path = RatingFuntional.swift; sourceTree = "<group>"; };
		079ECBEA2A96E44200E4A5E8 /* Tradingcard.swift */ = {isa = PBXFileReference; lastKnownFileType = sourcecode.swift; path = Tradingcard.swift; sourceTree = "<group>"; };
		079ECBEC2A96E4F600E4A5E8 /* PickerView.swift */ = {isa = PBXFileReference; lastKnownFileType = sourcecode.swift; path = PickerView.swift; sourceTree = "<group>"; };
/* End PBXFileReference section */

/* Begin PBXFrameworksBuildPhase section */
		079ECBCE2A96B39C00E4A5E8 /* Frameworks */ = {
			isa = PBXFrameworksBuildPhase;
			buildActionMask = 2147483647;
			files = (
			);
			runOnlyForDeploymentPostprocessing = 0;
		};
/* End PBXFrameworksBuildPhase section */

/* Begin PBXGroup section */
		079ECBC82A96B39C00E4A5E8 = {
			isa = PBXGroup;
			children = (
				079ECBD32A96B39C00E4A5E8 /* DanisDemo */,
				079ECBD22A96B39C00E4A5E8 /* Products */,
			);
			sourceTree = "<group>";
		};
		079ECBD22A96B39C00E4A5E8 /* Products */ = {
			isa = PBXGroup;
			children = (
				079ECBD12A96B39C00E4A5E8 /* DanisDemo.app */,
			);
			name = Products;
			sourceTree = "<group>";
		};
		079ECBD32A96B39C00E4A5E8 /* DanisDemo */ = {
			isa = PBXGroup;
			children = (
				079ECBD42A96B39C00E4A5E8 /* DanisDemoApp.swift */,
				079ECBD62A96B39C00E4A5E8 /* ContentView.swift */,
				0730D3752AA02AA3007BCCD9 /* Buttontest.swift */,
				0773DDA12A9E268D001BB439 /* NavTabBar.swift */,
				0765ECA42A9806D40071A9FF /* PictureView.swift */,
				0765ECA22A9804100071A9FF /* Alertview.swift */,
				079ECBE62A96D2E300E4A5E8 /* RatingView.swift */,
				079ECBE82A96DA5E00E4A5E8 /* RatingFuntional.swift */,
				079ECBEC2A96E4F600E4A5E8 /* PickerView.swift */,
				079ECBE42A96B82900E4A5E8 /* Login.swift */,
				079ECBEA2A96E44200E4A5E8 /* Tradingcard.swift */,
				079D143E2AE2114D00E86FA6 /* MSG.swift */,
				079ECBE22A96B3CC00E4A5E8 /* DaniBio.swift */,
				079ECBD82A96B39D00E4A5E8 /* Assets.xcassets */,
				079ECBDA2A96B39D00E4A5E8 /* Preview Content */,
			);
			path = DanisDemo;
			sourceTree = "<group>";
		};
		079ECBDA2A96B39D00E4A5E8 /* Preview Content */ = {
			isa = PBXGroup;
			children = (
				079ECBDB2A96B39D00E4A5E8 /* Preview Assets.xcassets */,
			);
			path = "Preview Content";
			sourceTree = "<group>";
		};
/* End PBXGroup section */

/* Begin PBXNativeTarget section */
		079ECBD02A96B39C00E4A5E8 /* DanisDemo */ = {
			isa = PBXNativeTarget;
			buildConfigurationList = 079ECBDF2A96B39D00E4A5E8 /* Build configuration list for PBXNativeTarget "DanisDemo" */;
			buildPhases = (
				079ECBCD2A96B39C00E4A5E8 /* Sources */,
				079ECBCE2A96B39C00E4A5E8 /* Frameworks */,
				079ECBCF2A96B39C00E4A5E8 /* Resources */,
			);
			buildRules = (
			);
			dependencies = (
			);
			name = DanisDemo;
			productName = DanisDemo;
			productReference = 079ECBD12A96B39C00E4A5E8 /* DanisDemo.app */;
			productType = "com.apple.product-type.application";
		};
/* End PBXNativeTarget section */

/* Begin PBXProject section */
		079ECBC92A96B39C00E4A5E8 /* Project object */ = {
			isa = PBXProject;
			attributes = {
				BuildIndependentTargetsInParallel = 1;
				LastSwiftUpdateCheck = 1430;
				LastUpgradeCheck = 1430;
				TargetAttributes = {
					079ECBD02A96B39C00E4A5E8 = {
						CreatedOnToolsVersion = 14.3.1;
					};
				};
			};
			buildConfigurationList = 079ECBCC2A96B39C00E4A5E8 /* Build configuration list for PBXProject "DanisDemo" */;
			compatibilityVersion = "Xcode 14.0";
			developmentRegion = en;
			hasScannedForEncodings = 0;
			knownRegions = (
				en,
				Base,
			);
			mainGroup = 079ECBC82A96B39C00E4A5E8;
			productRefGroup = 079ECBD22A96B39C00E4A5E8 /* Products */;
			projectDirPath = "";
			projectRoot = "";
			targets = (
				079ECBD02A96B39C00E4A5E8 /* DanisDemo */,
			);
		};
/* End PBXProject section */

/* Begin PBXResourcesBuildPhase section */
		079ECBCF2A96B39C00E4A5E8 /* Resources */ = {
			isa = PBXResourcesBuildPhase;
			buildActionMask = 2147483647;
			files = (
				079ECBDC2A96B39D00E4A5E8 /* Preview Assets.xcassets in Resources */,
				079ECBD92A96B39D00E4A5E8 /* Assets.xcassets in Resources */,
			);
			runOnlyForDeploymentPostprocessing = 0;
		};
/* End PBXResourcesBuildPhase section */

/* Begin PBXSourcesBuildPhase section */
		079ECBCD2A96B39C00E4A5E8 /* Sources */ = {
			isa = PBXSourcesBuildPhase;
			buildActionMask = 2147483647;
			files = (
				079ECBEB2A96E44200E4A5E8 /* Tradingcard.swift in Sources */,
				079ECBD72A96B39C00E4A5E8 /* ContentView.swift in Sources */,
				079ECBE32A96B3CC00E4A5E8 /* DaniBio.swift in Sources */,
				079D143F2AE2114D00E86FA6 /* MSG.swift in Sources */,
				0730D3762AA02AA3007BCCD9 /* Buttontest.swift in Sources */,
				079ECBD52A96B39C00E4A5E8 /* DanisDemoApp.swift in Sources */,
				079ECBED2A96E4F600E4A5E8 /* PickerView.swift in Sources */,
				0773DDA22A9E268D001BB439 /* NavTabBar.swift in Sources */,
				0765ECA52A9806D40071A9FF /* PictureView.swift in Sources */,
				0765ECA32A9804100071A9FF /* Alertview.swift in Sources */,
				079ECBE72A96D2E300E4A5E8 /* RatingView.swift in Sources */,
				079ECBE52A96B82900E4A5E8 /* Login.swift in Sources */,
				079ECBE92A96DA5E00E4A5E8 /* RatingFuntional.swift in Sources */,
			);
			runOnlyForDeploymentPostprocessing = 0;
		};
/* End PBXSourcesBuildPhase section */

/* Begin XCBuildConfiguration section */
		079ECBDD2A96B39D00E4A5E8 /* Debug */ = {
			isa = XCBuildConfiguration;
			buildSettings = {
				ALWAYS_SEARCH_USER_PATHS = NO;
				CLANG_ANALYZER_NONNULL = YES;
				CLANG_ANALYZER_NUMBER_OBJECT_CONVERSION = YES_AGGRESSIVE;
				CLANG_CXX_LANGUAGE_STANDARD = "gnu++20";
				CLANG_ENABLE_MODULES = YES;
				CLANG_ENABLE_OBJC_ARC = YES;
				CLANG_ENABLE_OBJC_WEAK = YES;
				CLANG_WARN_BLOCK_CAPTURE_AUTORELEASING = YES;
				CLANG_WARN_BOOL_CONVERSION = YES;
				CLANG_WARN_COMMA = YES;
				CLANG_WARN_CONSTANT_CONVERSION = YES;
				CLANG_WARN_DEPRECATED_OBJC_IMPLEMENTATIONS = YES;
				CLANG_WARN_DIRECT_OBJC_ISA_USAGE = YES_ERROR;
				CLANG_WARN_DOCUMENTATION_COMMENTS = YES;
				CLANG_WARN_EMPTY_BODY = YES;
				CLANG_WARN_ENUM_CONVERSION = YES;
				CLANG_WARN_INFINITE_RECURSION = YES;
				CLANG_WARN_INT_CONVERSION = YES;
				CLANG_WARN_NON_LITERAL_NULL_CONVERSION = YES;
				CLANG_WARN_OBJC_IMPLICIT_RETAIN_SELF = YES;
				CLANG_WARN_OBJC_LITERAL_CONVERSION = YES;
				CLANG_WARN_OBJC_ROOT_CLASS = YES_ERROR;
				CLANG_WARN_QUOTED_INCLUDE_IN_FRAMEWORK_HEADER = YES;
				CLANG_WARN_RANGE_LOOP_ANALYSIS = YES;
				CLANG_WARN_STRICT_PROTOTYPES = YES;
				CLANG_WARN_SUSPICIOUS_MOVE = YES;
				CLANG_WARN_UNGUARDED_AVAILABILITY = YES_AGGRESSIVE;
				CLANG_WARN_UNREACHABLE_CODE = YES;
				CLANG_WARN__DUPLICATE_METHOD_MATCH = YES;
				COPY_PHASE_STRIP = NO;
				DEBUG_INFORMATION_FORMAT = dwarf;
				ENABLE_STRICT_OBJC_MSGSEND = YES;
				ENABLE_TESTABILITY = YES;
				GCC_C_LANGUAGE_STANDARD = gnu11;
				GCC_DYNAMIC_NO_PIC = NO;
				GCC_NO_COMMON_BLOCKS = YES;
				GCC_OPTIMIZATION_LEVEL = 0;
				GCC_PREPROCESSOR_DEFINITIONS = (
					"DEBUG=1",
					"$(inherited)",
				);
				GCC_WARN_64_TO_32_BIT_CONVERSION = YES;
				GCC_WARN_ABOUT_RETURN_TYPE = YES_ERROR;
				GCC_WARN_UNDECLARED_SELECTOR = YES;
				GCC_WARN_UNINITIALIZED_AUTOS = YES_AGGRESSIVE;
				GCC_WARN_UNUSED_FUNCTION = YES;
				GCC_WARN_UNUSED_VARIABLE = YES;
				IPHONEOS_DEPLOYMENT_TARGET = 16.4;
				MTL_ENABLE_DEBUG_INFO = INCLUDE_SOURCE;
				MTL_FAST_MATH = YES;
				ONLY_ACTIVE_ARCH = YES;
				SDKROOT = iphoneos;
				SWIFT_ACTIVE_COMPILATION_CONDITIONS = DEBUG;
				SWIFT_OPTIMIZATION_LEVEL = "-Onone";
			};
			name = Debug;
		};
		079ECBDE2A96B39D00E4A5E8 /* Release */ = {
			isa = XCBuildConfiguration;
			buildSettings = {
				ALWAYS_SEARCH_USER_PATHS = NO;
				CLANG_ANALYZER_NONNULL = YES;
				CLANG_ANALYZER_NUMBER_OBJECT_CONVERSION = YES_AGGRESSIVE;
				CLANG_CXX_LANGUAGE_STANDARD = "gnu++20";
				CLANG_ENABLE_MODULES = YES;
				CLANG_ENABLE_OBJC_ARC = YES;
				CLANG_ENABLE_OBJC_WEAK = YES;
				CLANG_WARN_BLOCK_CAPTURE_AUTORELEASING = YES;
				CLANG_WARN_BOOL_CONVERSION = YES;
				CLANG_WARN_COMMA = YES;
				CLANG_WARN_CONSTANT_CONVERSION = YES;
				CLANG_WARN_DEPRECATED_OBJC_IMPLEMENTATIONS = YES;
				CLANG_WARN_DIRECT_OBJC_ISA_USAGE = YES_ERROR;
				CLANG_WARN_DOCUMENTATION_COMMENTS = YES;
				CLANG_WARN_EMPTY_BODY = YES;
				CLANG_WARN_ENUM_CONVERSION = YES;
				CLANG_WARN_INFINITE_RECURSION = YES;
				CLANG_WARN_INT_CONVERSION = YES;
				CLANG_WARN_NON_LITERAL_NULL_CONVERSION = YES;
				CLANG_WARN_OBJC_IMPLICIT_RETAIN_SELF = YES;
				CLANG_WARN_OBJC_LITERAL_CONVERSION = YES;
				CLANG_WARN_OBJC_ROOT_CLASS = YES_ERROR;
				CLANG_WARN_QUOTED_INCLUDE_IN_FRAMEWORK_HEADER = YES;
				CLANG_WARN_RANGE_LOOP_ANALYSIS = YES;
				CLANG_WARN_STRICT_PROTOTYPES = YES;
				CLANG_WARN_SUSPICIOUS_MOVE = YES;
				CLANG_WARN_UNGUARDED_AVAILABILITY = YES_AGGRESSIVE;
				CLANG_WARN_UNREACHABLE_CODE = YES;
				CLANG_WARN__DUPLICATE_METHOD_MATCH = YES;
				COPY_PHASE_STRIP = NO;
				DEBUG_INFORMATION_FORMAT = "dwarf-with-dsym";
				ENABLE_NS_ASSERTIONS = NO;
				ENABLE_STRICT_OBJC_MSGSEND = YES;
				GCC_C_LANGUAGE_STANDARD = gnu11;
				GCC_NO_COMMON_BLOCKS = YES;
				GCC_WARN_64_TO_32_BIT_CONVERSION = YES;
				GCC_WARN_ABOUT_RETURN_TYPE = YES_ERROR;
				GCC_WARN_UNDECLARED_SELECTOR = YES;
				GCC_WARN_UNINITIALIZED_AUTOS = YES_AGGRESSIVE;
				GCC_WARN_UNUSED_FUNCTION = YES;
				GCC_WARN_UNUSED_VARIABLE = YES;
				IPHONEOS_DEPLOYMENT_TARGET = 16.4;
				MTL_ENABLE_DEBUG_INFO = NO;
				MTL_FAST_MATH = YES;
				SDKROOT = iphoneos;
				SWIFT_COMPILATION_MODE = wholemodule;
				SWIFT_OPTIMIZATION_LEVEL = "-O";
				VALIDATE_PRODUCT = YES;
			};
			name = Release;
		};
		079ECBE02A96B39D00E4A5E8 /* Debug */ = {
			isa = XCBuildConfiguration;
			buildSettings = {
				ASSETCATALOG_COMPILER_APPICON_NAME = AppIcon;
				ASSETCATALOG_COMPILER_GLOBAL_ACCENT_COLOR_NAME = AccentColor;
				CODE_SIGN_STYLE = Automatic;
				CURRENT_PROJECT_VERSION = 1;
				DEVELOPMENT_ASSET_PATHS = "\"DanisDemo/Preview Content\"";
				ENABLE_PREVIEWS = YES;
				GENERATE_INFOPLIST_FILE = YES;
				INFOPLIST_KEY_UIApplicationSceneManifest_Generation = YES;
				INFOPLIST_KEY_UIApplicationSupportsIndirectInputEvents = YES;
				INFOPLIST_KEY_UILaunchScreen_Generation = YES;
				INFOPLIST_KEY_UISupportedInterfaceOrientations_iPad = "UIInterfaceOrientationPortrait UIInterfaceOrientationPortraitUpsideDown UIInterfaceOrientationLandscapeLeft UIInterfaceOrientationLandscapeRight";
				INFOPLIST_KEY_UISupportedInterfaceOrientations_iPhone = "UIInterfaceOrientationPortrait UIInterfaceOrientationLandscapeLeft UIInterfaceOrientationLandscapeRight";
				LD_RUNPATH_SEARCH_PATHS = (
					"$(inherited)",
					"@executable_path/Frameworks",
				);
				MARKETING_VERSION = 1.0;
				PRODUCT_BUNDLE_IDENTIFIER = AppleFoundations.DanisDemo;
				PRODUCT_NAME = "$(TARGET_NAME)";
				SWIFT_EMIT_LOC_STRINGS = YES;
				SWIFT_VERSION = 5.0;
				TARGETED_DEVICE_FAMILY = "1,2";
			};
			name = Debug;
		};
		079ECBE12A96B39D00E4A5E8 /* Release */ = {
			isa = XCBuildConfiguration;
			buildSettings = {
				ASSETCATALOG_COMPILER_APPICON_NAME = AppIcon;
				ASSETCATALOG_COMPILER_GLOBAL_ACCENT_COLOR_NAME = AccentColor;
				CODE_SIGN_STYLE = Automatic;
				CURRENT_PROJECT_VERSION = 1;
				DEVELOPMENT_ASSET_PATHS = "\"DanisDemo/Preview Content\"";
				ENABLE_PREVIEWS = YES;
				GENERATE_INFOPLIST_FILE = YES;
				INFOPLIST_KEY_UIApplicationSceneManifest_Generation = YES;
				INFOPLIST_KEY_UIApplicationSupportsIndirectInputEvents = YES;
				INFOPLIST_KEY_UILaunchScreen_Generation = YES;
				INFOPLIST_KEY_UISupportedInterfaceOrientations_iPad = "UIInterfaceOrientationPortrait UIInterfaceOrientationPortraitUpsideDown UIInterfaceOrientationLandscapeLeft UIInterfaceOrientationLandscapeRight";
				INFOPLIST_KEY_UISupportedInterfaceOrientations_iPhone = "UIInterfaceOrientationPortrait UIInterfaceOrientationLandscapeLeft UIInterfaceOrientationLandscapeRight";
				LD_RUNPATH_SEARCH_PATHS = (
					"$(inherited)",
					"@executable_path/Frameworks",
				);
				MARKETING_VERSION = 1.0;
				PRODUCT_BUNDLE_IDENTIFIER = AppleFoundations.DanisDemo;
				PRODUCT_NAME = "$(TARGET_NAME)";
				SWIFT_EMIT_LOC_STRINGS = YES;
				SWIFT_VERSION = 5.0;
				TARGETED_DEVICE_FAMILY = "1,2";
			};
			name = Release;
		};
/* End XCBuildConfiguration section */

/* Begin XCConfigurationList section */
		079ECBCC2A96B39C00E4A5E8 /* Build configuration list for PBXProject "DanisDemo" */ = {
			isa = XCConfigurationList;
			buildConfigurations = (
				079ECBDD2A96B39D00E4A5E8 /* Debug */,
				079ECBDE2A96B39D00E4A5E8 /* Release */,
			);
			defaultConfigurationIsVisible = 0;
			defaultConfigurationName = Release;
		};
		079ECBDF2A96B39D00E4A5E8 /* Build configuration list for PBXNativeTarget "DanisDemo" */ = {
			isa = XCConfigurationList;
			buildConfigurations = (
				079ECBE02A96B39D00E4A5E8 /* Debug */,
				079ECBE12A96B39D00E4A5E8 /* Release */,
			);
			defaultConfigurationIsVisible = 0;
			defaultConfigurationName = Release;
		};
/* End XCConfigurationList section */
	};
	rootObject = 079ECBC92A96B39C00E4A5E8 /* Project object */;
}
